
Microsoft Visual Studio Solution File, Format Version 12.00
# Visual Studio 14
VisualStudioVersion = 14.0.25420.1
MinimumVisualStudioVersion = 10.0.40219.1
Project("{FAE04EC0-301F-11D3-BF4B-00C04F79EFBC}") = "HomeAgency.Web", "HomeAgency.Web\HomeAgency.Web.csproj", "{0F8111A5-69FE-4FCB-8A14-08FA3CB385ED}"
EndProject
Global
	GlobalSection(SolutionConfigurationPlatforms) = preSolution
		Debug|Any CPU = Debug|Any CPU
		Release|Any CPU = Release|Any CPU
	EndGlobalSection
	GlobalSection(ProjectConfigurationPlatforms) = postSolution
		{0F8111A5-69FE-4FCB-8A14-08FA3CB385ED}.Debug|Any CPU.ActiveCfg = Debug|Any CPU
		{0F8111A5-69FE-4FCB-8A14-08FA3CB385ED}.Debug|Any CPU.Build.0 = Debug|Any CPU
		{0F8111A5-69FE-4FCB-8A14-08FA3CB385ED}.Release|Any CPU.ActiveCfg = Release|Any CPU
		{0F8111A5-69FE-4FCB-8A14-08FA3CB385ED}.Release|Any CPU.Build.0 = Release|Any CPU
	EndGlobalSection
	GlobalSection(SolutionProperties) = preSolution
		HideSolutionNode = FALSE
	EndGlobalSection
EndGlobal
